
Microsoft Visual Studio Solution File, Format Version 12.00
# Visual Studio Version 17
VisualStudioVersion = 17.0.31903.59
MinimumVisualStudioVersion = 10.0.40219.1
Project("{FAE04EC0-301F-11D3-BF4B-00C04F79EFBC}") = "Levels.Test", "Levels.Test\Levels.Test.csproj", "{B8EA2AAD-E85E-46DA-B217-454B04DAC933}"
EndProject
Project("{FAE04EC0-301F-11D3-BF4B-00C04F79EFBC}") = "Worlds", "Levels\Levels.csproj", "{78CCEF84-C2F1-43AC-B906-01B59225522D}"
EndProject
Global
	GlobalSection(SolutionConfigurationPlatforms) = preSolution
		Debug|Any CPU = Debug|Any CPU
		Release|Any CPU = Release|Any CPU
	EndGlobalSection
	GlobalSection(ProjectConfigurationPlatforms) = postSolution
		{B8EA2AAD-E85E-46DA-B217-454B04DAC933}.Debug|Any CPU.ActiveCfg = Debug|Any CPU
		{B8EA2AAD-E85E-46DA-B217-454B04DAC933}.Debug|Any CPU.Build.0 = Debug|Any CPU
		{B8EA2AAD-E85E-46DA-B217-454B04DAC933}.Release|Any CPU.ActiveCfg = Release|Any CPU
		{B8EA2AAD-E85E-46DA-B217-454B04DAC933}.Release|Any CPU.Build.0 = Release|Any CPU
		{78CCEF84-C2F1-43AC-B906-01B59225522D}.Debug|Any CPU.ActiveCfg = Debug|Any CPU
		{78CCEF84-C2F1-43AC-B906-01B59225522D}.Debug|Any CPU.Build.0 = Debug|Any CPU
		{78CCEF84-C2F1-43AC-B906-01B59225522D}.Release|Any CPU.ActiveCfg = Release|Any CPU
		{78CCEF84-C2F1-43AC-B906-01B59225522D}.Release|Any CPU.Build.0 = Release|Any CPU
	EndGlobalSection
	GlobalSection(SolutionProperties) = preSolution
		HideSolutionNode = FALSE
	EndGlobalSection
EndGlobal
